
Microsoft Visual Studio Solution File, Format Version 12.00
# Visual Studio Version 16
VisualStudioVersion = 16.0.31515.178
MinimumVisualStudioVersion = 10.0.40219.1
Project("{9A19103F-16F7-4668-BE54-9A1E7A4F7556}") = "EmployeeManagement.Presentation", "EmployeeManagement\EmployeeManagement.Presentation.csproj", "{A0576F4C-2489-43AC-AD1E-EE004E3664B4}"
EndProject
Project("{9A19103F-16F7-4668-BE54-9A1E7A4F7556}") = "EmployeeManagement.ServiceGateway", "EmployeeManagement.ServiceGateway\EmployeeManagement.ServiceGateway.csproj", "{CD95DCC8-08CB-4805-A8B0-FA306980C657}"
EndProject
Project("{9A19103F-16F7-4668-BE54-9A1E7A4F7556}") = "EmployeeManagement.BusinessModel", "EmployeeManagement.BusinessModel\EmployeeManagement.BusinessModel.csproj", "{E8E98E46-844D-4A7A-9A48-E959A125A2F7}"
EndProject
Project("{9A19103F-16F7-4668-BE54-9A1E7A4F7556}") = "EmployeeManagement.Infrastructure", "EmployeeManagement.Infrastructure\EmployeeManagement.Infrastructure.csproj", "{14042FF3-8C20-4FF1-9E6F-7DBA6005AEDD}"
EndProject
Project("{9A19103F-16F7-4668-BE54-9A1E7A4F7556}") = "EmployeeManagement.Tests", "EmployeeManagement.Tests\EmployeeManagement.Tests.csproj", "{C48C9B5A-6EBE-454B-BE1D-01C8D58910FF}"
EndProject
Project("{FAE04EC0-301F-11D3-BF4B-00C04F79EFBC}") = "EmployeeManagement.Application", "EmployeeManagement.Application\EmployeeManagement.Application.csproj", "{D8778ACB-7B99-4AA7-AE9D-BBCCC9913F26}"
EndProject
Global
	GlobalSection(SolutionConfigurationPlatforms) = preSolution
		Debug|Any CPU = Debug|Any CPU
		Release|Any CPU = Release|Any CPU
	EndGlobalSection
	GlobalSection(ProjectConfigurationPlatforms) = postSolution
		{A0576F4C-2489-43AC-AD1E-EE004E3664B4}.Debug|Any CPU.ActiveCfg = Debug|Any CPU
		{A0576F4C-2489-43AC-AD1E-EE004E3664B4}.Debug|Any CPU.Build.0 = Debug|Any CPU
		{A0576F4C-2489-43AC-AD1E-EE004E3664B4}.Release|Any CPU.ActiveCfg = Release|Any CPU
		{A0576F4C-2489-43AC-AD1E-EE004E3664B4}.Release|Any CPU.Build.0 = Release|Any CPU
		{CD95DCC8-08CB-4805-A8B0-FA306980C657}.Debug|Any CPU.ActiveCfg = Debug|Any CPU
		{CD95DCC8-08CB-4805-A8B0-FA306980C657}.Debug|Any CPU.Build.0 = Debug|Any CPU
		{CD95DCC8-08CB-4805-A8B0-FA306980C657}.Release|Any CPU.ActiveCfg = Release|Any CPU
		{CD95DCC8-08CB-4805-A8B0-FA306980C657}.Release|Any CPU.Build.0 = Release|Any CPU
		{E8E98E46-844D-4A7A-9A48-E959A125A2F7}.Debug|Any CPU.ActiveCfg = Debug|Any CPU
		{E8E98E46-844D-4A7A-9A48-E959A125A2F7}.Debug|Any CPU.Build.0 = Debug|Any CPU
		{E8E98E46-844D-4A7A-9A48-E959A125A2F7}.Release|Any CPU.ActiveCfg = Release|Any CPU
		{E8E98E46-844D-4A7A-9A48-E959A125A2F7}.Release|Any CPU.Build.0 = Release|Any CPU
		{14042FF3-8C20-4FF1-9E6F-7DBA6005AEDD}.Debug|Any CPU.ActiveCfg = Debug|Any CPU
		{14042FF3-8C20-4FF1-9E6F-7DBA6005AEDD}.Debug|Any CPU.Build.0 = Debug|Any CPU
		{14042FF3-8C20-4FF1-9E6F-7DBA6005AEDD}.Release|Any CPU.ActiveCfg = Release|Any CPU
		{14042FF3-8C20-4FF1-9E6F-7DBA6005AEDD}.Release|Any CPU.Build.0 = Release|Any CPU
		{C48C9B5A-6EBE-454B-BE1D-01C8D58910FF}.Debug|Any CPU.ActiveCfg = Debug|Any CPU
		{C48C9B5A-6EBE-454B-BE1D-01C8D58910FF}.Debug|Any CPU.Build.0 = Debug|Any CPU
		{C48C9B5A-6EBE-454B-BE1D-01C8D58910FF}.Release|Any CPU.ActiveCfg = Release|Any CPU
		{C48C9B5A-6EBE-454B-BE1D-01C8D58910FF}.Release|Any CPU.Build.0 = Release|Any CPU
		{D8778ACB-7B99-4AA7-AE9D-BBCCC9913F26}.Debug|Any CPU.ActiveCfg = Debug|Any CPU
		{D8778ACB-7B99-4AA7-AE9D-BBCCC9913F26}.Debug|Any CPU.Build.0 = Debug|Any CPU
		{D8778ACB-7B99-4AA7-AE9D-BBCCC9913F26}.Release|Any CPU.ActiveCfg = Release|Any CPU
		{D8778ACB-7B99-4AA7-AE9D-BBCCC9913F26}.Release|Any CPU.Build.0 = Release|Any CPU
	EndGlobalSection
	GlobalSection(SolutionProperties) = preSolution
		HideSolutionNode = FALSE
	EndGlobalSection
	GlobalSection(ExtensibilityGlobals) = postSolution
		SolutionGuid = {07D53DA4-B7DB-4DA0-8666-CDFAD65FAB4D}
	EndGlobalSection
EndGlobal
